
Microsoft Visual Studio Solution File, Format Version 12.00
# Visual Studio Version 16
VisualStudioVersion = 16.0.29503.13
MinimumVisualStudioVersion = 10.0.40219.1
Project("{FAE04EC0-301F-11D3-BF4B-00C04F79EFBC}") = "TerminalRegistrService", "TerminalRegistrService.csproj", "{EF65846B-7433-4E2F-BC81-AC229C5DCEB6}"
EndProject
Global
	GlobalSection(SolutionConfigurationPlatforms) = preSolution
		Debug|Any CPU = Debug|Any CPU
		Release|Any CPU = Release|Any CPU
	EndGlobalSection
	GlobalSection(ProjectConfigurationPlatforms) = postSolution
		{EF65846B-7433-4E2F-BC81-AC229C5DCEB6}.Debug|Any CPU.ActiveCfg = Debug|Any CPU
		{EF65846B-7433-4E2F-BC81-AC229C5DCEB6}.Debug|Any CPU.Build.0 = Debug|Any CPU
		{EF65846B-7433-4E2F-BC81-AC229C5DCEB6}.Release|Any CPU.ActiveCfg = Release|Any CPU
		{EF65846B-7433-4E2F-BC81-AC229C5DCEB6}.Release|Any CPU.Build.0 = Release|Any CPU
	EndGlobalSection
	GlobalSection(SolutionProperties) = preSolution
		HideSolutionNode = FALSE
	EndGlobalSection
	GlobalSection(ExtensibilityGlobals) = postSolution
		SolutionGuid = {62F87E70-FBB8-471E-8CE7-EF85081FA079}
	EndGlobalSection
EndGlobal
